dappco.re/go v0.10.4 h1:vir5AK8AkHbTxhPUT0et6Tc0P8i/i+gLInM0LRLt1EU=
dappco.re/go v0.10.4/go.mod h1:xapr7fLK4/9Pu2iSCr4qZuIuatmtx1j56zS/oPDbGyQ=
dappco.re/go/log v0.10.0 h1:InbOtOrm2ypNqRUZiUDJBCwJ+QscImu6PqMYn+zaGWo=
dappco.re/go/log v0.10.0/go.mod h1:NhOpZLJoAlsdTKt1BaUyYn/QmDX+uwbDULW70d1exZE=
dappco.re/go/log v0.13.1 h1:sfrB1hrxODsCo0A8psIvBqDkQD2mpoQ8S5S72zO2KlI=
dappco.re/go/log v0.13.1/go.mod h1:FBMMEdmIvbXfvv3qOdW6acFnwMFgTw56csevEIELi/c=
golang.org/x/text v0.36.0 h1:JfKh3XmcRPqZPKevfXVpI1wXPTqbkE5f7JA92a55Yxg=
golang.org/x/text v0.36.0/go.mod h1:NIdBknypM8iqVmPiuco0Dh6P5Jcdk8lJL0CUebqK164=
